
Microsoft Visual Studio Solution File, Format Version 12.00
# Visual Studio Version 16
VisualStudioVersion = 16.0.31025.109
MinimumVisualStudioVersion = 10.0.40219.1
Project("{FAE04EC0-301F-11D3-BF4B-00C04F79EFBC}") = "SampleWebApp", "SampleWebApp\SampleWebApp.csproj", "{61807DE0-2F74-416D-A764-FDF1958FA23E}"
EndProject
Global
	GlobalSection(SolutionConfigurationPlatforms) = preSolution
		Debug|Any CPU = Debug|Any CPU
		Release|Any CPU = Release|Any CPU
	EndGlobalSection
	GlobalSection(ProjectConfigurationPlatforms) = postSolution
		{61807DE0-2F74-416D-A764-FDF1958FA23E}.Debug|Any CPU.ActiveCfg = Debug|Any CPU
		{61807DE0-2F74-416D-A764-FDF1958FA23E}.Debug|Any CPU.Build.0 = Debug|Any CPU
		{61807DE0-2F74-416D-A764-FDF1958FA23E}.Release|Any CPU.ActiveCfg = Release|Any CPU
		{61807DE0-2F74-416D-A764-FDF1958FA23E}.Release|Any CPU.Build.0 = Release|Any CPU
	EndGlobalSection
	GlobalSection(SolutionProperties) = preSolution
		HideSolutionNode = FALSE
	EndGlobalSection
	GlobalSection(ExtensibilityGlobals) = postSolution
		SolutionGuid = {86F4499A-429E-470E-80D9-68B41D5A37E0}
	EndGlobalSection
EndGlobal
